
Microsoft Visual Studio Solution File, Format Version 12.00
Project("{FAE04EC0-301F-11D3-BF4B-00C04F79EFBC}") = "Cwiczenia12", "Cwiczenia12.csproj", "{318E635D-D507-4E16-BE46-6C9BCDFE8075}"
EndProject
Global
	GlobalSection(SolutionConfigurationPlatforms) = preSolution
		Debug|Any CPU = Debug|Any CPU
		Release|Any CPU = Release|Any CPU
	EndGlobalSection
	GlobalSection(ProjectConfigurationPlatforms) = postSolution
		{318E635D-D507-4E16-BE46-6C9BCDFE8075}.Debug|Any CPU.ActiveCfg = Debug|Any CPU
		{318E635D-D507-4E16-BE46-6C9BCDFE8075}.Debug|Any CPU.Build.0 = Debug|Any CPU
		{318E635D-D507-4E16-BE46-6C9BCDFE8075}.Release|Any CPU.ActiveCfg = Release|Any CPU
		{318E635D-D507-4E16-BE46-6C9BCDFE8075}.Release|Any CPU.Build.0 = Release|Any CPU
	EndGlobalSection
EndGlobal
